
Microsoft Visual Studio Solution File, Format Version 12.00
# Visual Studio Version 16
VisualStudioVersion = 16.0.32228.343
MinimumVisualStudioVersion = 10.0.40219.1
Project("{FAE04EC0-301F-11D3-BF4B-00C04F79EFBC}") = "PaintApplication", "PaintApplication.csproj", "{007975EA-D924-4049-8E34-6B60AA73CE5D}"
EndProject
Global
	GlobalSection(SolutionConfigurationPlatforms) = preSolution
		Debug|Any CPU = Debug|Any CPU
		Release|Any CPU = Release|Any CPU
	EndGlobalSection
	GlobalSection(ProjectConfigurationPlatforms) = postSolution
		{007975EA-D924-4049-8E34-6B60AA73CE5D}.Debug|Any CPU.ActiveCfg = Debug|Any CPU
		{007975EA-D924-4049-8E34-6B60AA73CE5D}.Debug|Any CPU.Build.0 = Debug|Any CPU
		{007975EA-D924-4049-8E34-6B60AA73CE5D}.Release|Any CPU.ActiveCfg = Release|Any CPU
		{007975EA-D924-4049-8E34-6B60AA73CE5D}.Release|Any CPU.Build.0 = Release|Any CPU
	EndGlobalSection
	GlobalSection(SolutionProperties) = preSolution
		HideSolutionNode = FALSE
	EndGlobalSection
	GlobalSection(ExtensibilityGlobals) = postSolution
		SolutionGuid = {5112017B-EE44-469B-A325-EDCA0C7575D2}
	EndGlobalSection
EndGlobal
